
Microsoft Visual Studio Solution File, Format Version 12.00
# Visual Studio 15
VisualStudioVersion = 15.0.28307.1062
MinimumVisualStudioVersion = 10.0.40219.1
Project("{2150E333-8FDC-42A3-9474-1A3956D46DE8}") = "DataAccess", "DataAccess", "{4D666D5E-2044-48FE-AAEF-512EC6BE7809}"
EndProject
Project("{2150E333-8FDC-42A3-9474-1A3956D46DE8}") = "Tests", "Tests", "{F4D2DCE9-AF2D-40F6-8E9C-635C587396F4}"
EndProject
Project("{2150E333-8FDC-42A3-9474-1A3956D46DE8}") = "Services", "Services", "{B610342D-7162-4EAF-A594-AF191F1E283F}"
EndProject
Project("{FAE04EC0-301F-11D3-BF4B-00C04F79EFBC}") = "Infonet.CStoreCommander.WebApi", "Services\Infonet.CStoreCommander.WebApi\Infonet.CStoreCommander.WebApi.csproj", "{62194F46-72B6-44E8-BC0C-BA46E2B20C82}"
EndProject
Project("{FAE04EC0-301F-11D3-BF4B-00C04F79EFBC}") = "Infonet.CStoreCommander.WebApi.Tests", "Tests\Infonet.CStoreCommander.WebApi.Tests\Infonet.CStoreCommander.WebApi.Tests.csproj", "{533186A5-738C-4454-AEDF-2EB995158D01}"
EndProject
Project("{FAE04EC0-301F-11D3-BF4B-00C04F79EFBC}") = "Infonet.CStoreCommander.ADOData", "DataAccess\Infonet.CStoreCommander.ADOData\Infonet.CStoreCommander.ADOData.csproj", "{63203FCC-BD31-4087-91DC-1ED23D609230}"
EndProject
Project("{FAE04EC0-301F-11D3-BF4B-00C04F79EFBC}") = "Infonet.CStoreCommander.BusinessLayer", "Services\Infonet.CStoreCommander.BusinessLayer\Infonet.CStoreCommander.BusinessLayer.csproj", "{4DCD3619-002A-4E07-9B4F-CB6CCB66E1B9}"
EndProject
Project("{FAE04EC0-301F-11D3-BF4B-00C04F79EFBC}") = "Infonet.CStoreCommander.Entities", "DataAccess\Infonet.CStoreCommander.Entities\Infonet.CStoreCommander.Entities.csproj", "{BA59800D-27F8-432C-8E02-03CCF5E68E21}"
EndProject
Project("{FAE04EC0-301F-11D3-BF4B-00C04F79EFBC}") = "Infonet.CStoreCommander.Resources", "Services\Infonet.CStoreCommander.Resources\Infonet.CStoreCommander.Resources.csproj", "{8595B8E6-C24B-4085-83D8-55D53F523F0F}"
EndProject
Project("{FAE04EC0-301F-11D3-BF4B-00C04F79EFBC}") = "Infonet.CStoreCommander.Logging", "Services\Infonet.CStoreCommander.Logging\Infonet.CStoreCommander.Logging.csproj", "{4C57BC66-49B9-4D29-88A6-42AD135B2928}"
EndProject
Global
	GlobalSection(SolutionConfigurationPlatforms) = preSolution
		Debug|Any CPU = Debug|Any CPU
		Release|Any CPU = Release|Any CPU
	EndGlobalSection
	GlobalSection(ProjectConfigurationPlatforms) = postSolution
		{62194F46-72B6-44E8-BC0C-BA46E2B20C82}.Debug|Any CPU.ActiveCfg = Debug|Any CPU
		{62194F46-72B6-44E8-BC0C-BA46E2B20C82}.Debug|Any CPU.Build.0 = Debug|Any CPU
		{62194F46-72B6-44E8-BC0C-BA46E2B20C82}.Release|Any CPU.ActiveCfg = Release|Any CPU
		{62194F46-72B6-44E8-BC0C-BA46E2B20C82}.Release|Any CPU.Build.0 = Release|Any CPU
		{533186A5-738C-4454-AEDF-2EB995158D01}.Debug|Any CPU.ActiveCfg = Debug|Any CPU
		{533186A5-738C-4454-AEDF-2EB995158D01}.Debug|Any CPU.Build.0 = Debug|Any CPU
		{533186A5-738C-4454-AEDF-2EB995158D01}.Release|Any CPU.ActiveCfg = Release|Any CPU
		{533186A5-738C-4454-AEDF-2EB995158D01}.Release|Any CPU.Build.0 = Release|Any CPU
		{63203FCC-BD31-4087-91DC-1ED23D609230}.Debug|Any CPU.ActiveCfg = Debug|Any CPU
		{63203FCC-BD31-4087-91DC-1ED23D609230}.Debug|Any CPU.Build.0 = Debug|Any CPU
		{63203FCC-BD31-4087-91DC-1ED23D609230}.Release|Any CPU.ActiveCfg = Release|Any CPU
		{63203FCC-BD31-4087-91DC-1ED23D609230}.Release|Any CPU.Build.0 = Release|Any CPU
		{4DCD3619-002A-4E07-9B4F-CB6CCB66E1B9}.Debug|Any CPU.ActiveCfg = Debug|Any CPU
		{4DCD3619-002A-4E07-9B4F-CB6CCB66E1B9}.Debug|Any CPU.Build.0 = Debug|Any CPU
		{4DCD3619-002A-4E07-9B4F-CB6CCB66E1B9}.Release|Any CPU.ActiveCfg = Release|Any CPU
		{4DCD3619-002A-4E07-9B4F-CB6CCB66E1B9}.Release|Any CPU.Build.0 = Release|Any CPU
		{BA59800D-27F8-432C-8E02-03CCF5E68E21}.Debug|Any CPU.ActiveCfg = Debug|Any CPU
		{BA59800D-27F8-432C-8E02-03CCF5E68E21}.Debug|Any CPU.Build.0 = Debug|Any CPU
		{BA59800D-27F8-432C-8E02-03CCF5E68E21}.Release|Any CPU.ActiveCfg = Release|Any CPU
		{BA59800D-27F8-432C-8E02-03CCF5E68E21}.Release|Any CPU.Build.0 = Release|Any CPU
		{8595B8E6-C24B-4085-83D8-55D53F523F0F}.Debug|Any CPU.ActiveCfg = Debug|Any CPU
		{8595B8E6-C24B-4085-83D8-55D53F523F0F}.Debug|Any CPU.Build.0 = Debug|Any CPU
		{8595B8E6-C24B-4085-83D8-55D53F523F0F}.Release|Any CPU.ActiveCfg = Release|Any CPU
		{8595B8E6-C24B-4085-83D8-55D53F523F0F}.Release|Any CPU.Build.0 = Release|Any CPU
		{4C57BC66-49B9-4D29-88A6-42AD135B2928}.Debug|Any CPU.ActiveCfg = Debug|Any CPU
		{4C57BC66-49B9-4D29-88A6-42AD135B2928}.Debug|Any CPU.Build.0 = Debug|Any CPU
		{4C57BC66-49B9-4D29-88A6-42AD135B2928}.Release|Any CPU.ActiveCfg = Release|Any CPU
		{4C57BC66-49B9-4D29-88A6-42AD135B2928}.Release|Any CPU.Build.0 = Release|Any CPU
	EndGlobalSection
	GlobalSection(SolutionProperties) = preSolution
		HideSolutionNode = FALSE
	EndGlobalSection
	GlobalSection(NestedProjects) = preSolution
		{62194F46-72B6-44E8-BC0C-BA46E2B20C82} = {B610342D-7162-4EAF-A594-AF191F1E283F}
		{533186A5-738C-4454-AEDF-2EB995158D01} = {F4D2DCE9-AF2D-40F6-8E9C-635C587396F4}
		{63203FCC-BD31-4087-91DC-1ED23D609230} = {4D666D5E-2044-48FE-AAEF-512EC6BE7809}
		{4DCD3619-002A-4E07-9B4F-CB6CCB66E1B9} = {B610342D-7162-4EAF-A594-AF191F1E283F}
		{BA59800D-27F8-432C-8E02-03CCF5E68E21} = {4D666D5E-2044-48FE-AAEF-512EC6BE7809}
		{8595B8E6-C24B-4085-83D8-55D53F523F0F} = {B610342D-7162-4EAF-A594-AF191F1E283F}
		{4C57BC66-49B9-4D29-88A6-42AD135B2928} = {B610342D-7162-4EAF-A594-AF191F1E283F}
	EndGlobalSection
	GlobalSection(ExtensibilityGlobals) = postSolution
		SolutionGuid = {8881C7D9-533C-4856-848E-FF6636E6AA50}
	EndGlobalSection
EndGlobal
